
Microsoft Visual Studio Solution File, Format Version 12.00
Project("{FAE04EC0-301F-11D3-BF4B-00C04F79EFBC}") = "DevKit.Core", "DevKit.Core\DevKit.Core.csproj", "{323F5BAF-CEEA-4AD6-9C0F-C0D01F0674F0}"
EndProject
Project("{FAE04EC0-301F-11D3-BF4B-00C04F79EFBC}") = "DevKit.Core.UnitTests", "..\tests\DevKit.Core.UnitTests\DevKit.Core.UnitTests.csproj", "{AE183951-B67B-45D8-9838-DF1FB6B5C9E9}"
EndProject
Project("{2150E333-8FDC-42A3-9474-1A3956D46DE8}") = "src", "src", "{44A2633A-79CB-4CFF-8372-44B33E1341BC}"
EndProject
Project("{2150E333-8FDC-42A3-9474-1A3956D46DE8}") = "tests", "tests", "{66B6ED54-31A3-433B-AF33-1042C8F1DF20}"
EndProject
Project("{FAE04EC0-301F-11D3-BF4B-00C04F79EFBC}") = "DevKit.Tests.UnitTests.Shared", "DevKit.Tests.UnitTests.Shared\DevKit.Tests.UnitTests.Shared.csproj", "{104B6AEA-1AEC-462C-873B-34C5E19F690A}"
EndProject
Project("{FAE04EC0-301F-11D3-BF4B-00C04F79EFBC}") = "DevKit.Tests.Shared", "DevKit.Tests.Shared\DevKit.Tests.Shared.csproj", "{FD65F40F-BE02-42B4-977B-F5505891055B}"
EndProject
Project("{2150E333-8FDC-42A3-9474-1A3956D46DE8}") = "examples", "examples", "{1F67DED3-1649-432F-8847-5E3DAB7A3D5B}"
EndProject
Project("{FAE04EC0-301F-11D3-BF4B-00C04F79EFBC}") = "DevKit.Example.Api", "..\examples\DevKit.Example.Api\DevKit.Example.Api.csproj", "{16655C0B-AC49-4496-9511-BFDDF74D72F1}"
EndProject
Project("{FAE04EC0-301F-11D3-BF4B-00C04F79EFBC}") = "DevKit.Api.Logging", "DevKit.Api.Logging\DevKit.Api.Logging.csproj", "{8D7093F4-5EA8-410A-B939-8354D7AAF9DD}"
EndProject
Project("{FAE04EC0-301F-11D3-BF4B-00C04F79EFBC}") = "DevKit.Otel", "DevKit.Otel\DevKit.Otel.csproj", "{6C0151F4-C60F-4C61-B5D6-5FA39E556422}"
EndProject
Project("{FAE04EC0-301F-11D3-BF4B-00C04F79EFBC}") = "DevKit.Base", "DevKit.Base\DevKit.Base.csproj", "{85F87C59-BCDB-4D96-9B2D-F07205CCEB25}"
EndProject
Project("{FAE04EC0-301F-11D3-BF4B-00C04F79EFBC}") = "DevKit.Api.Configuration", "DevKit.Api.Configuration\DevKit.Api.Configuration.csproj", "{C8D9911C-B1BA-4B89-9D54-4C5E4FE2D98B}"
EndProject
Project("{FAE04EC0-301F-11D3-BF4B-00C04F79EFBC}") = "DevKit.MediatR", "DevKit.MediatR\DevKit.MediatR.csproj", "{FBE511D2-F470-4333-A578-DA1B87EB355B}"
EndProject
Project("{FAE04EC0-301F-11D3-BF4B-00C04F79EFBC}") = "DevKit.MediatR.UnitTests", "..\tests\DevKit.MediatR.UnitTests\DevKit.MediatR.UnitTests.csproj", "{860C5FAC-2B05-4D1C-9A3B-FB4F5419062B}"
EndProject
Project("{FAE04EC0-301F-11D3-BF4B-00C04F79EFBC}") = "DevKit.Example.Application", "..\examples\DevKit.Example.Application\DevKit.Example.Application.csproj", "{3C97CD57-7747-4157-9E91-B31DBBBEBE42}"
EndProject
Project("{FAE04EC0-301F-11D3-BF4B-00C04F79EFBC}") = "DevKit.Api.Exceptions", "DevKit.Api.Exceptions\DevKit.Api.Exceptions.csproj", "{4C04F120-1F5F-4BA0-8FF9-F17650996507}"
EndProject
Global
	GlobalSection(SolutionConfigurationPlatforms) = preSolution
		Debug|Any CPU = Debug|Any CPU
		Release|Any CPU = Release|Any CPU
	EndGlobalSection
	GlobalSection(ProjectConfigurationPlatforms) = postSolution
		{323F5BAF-CEEA-4AD6-9C0F-C0D01F0674F0}.Debug|Any CPU.ActiveCfg = Debug|Any CPU
		{323F5BAF-CEEA-4AD6-9C0F-C0D01F0674F0}.Debug|Any CPU.Build.0 = Debug|Any CPU
		{323F5BAF-CEEA-4AD6-9C0F-C0D01F0674F0}.Release|Any CPU.ActiveCfg = Release|Any CPU
		{323F5BAF-CEEA-4AD6-9C0F-C0D01F0674F0}.Release|Any CPU.Build.0 = Release|Any CPU
		{AE183951-B67B-45D8-9838-DF1FB6B5C9E9}.Debug|Any CPU.ActiveCfg = Debug|Any CPU
		{AE183951-B67B-45D8-9838-DF1FB6B5C9E9}.Debug|Any CPU.Build.0 = Debug|Any CPU
		{AE183951-B67B-45D8-9838-DF1FB6B5C9E9}.Release|Any CPU.ActiveCfg = Release|Any CPU
		{AE183951-B67B-45D8-9838-DF1FB6B5C9E9}.Release|Any CPU.Build.0 = Release|Any CPU
		{104B6AEA-1AEC-462C-873B-34C5E19F690A}.Debug|Any CPU.ActiveCfg = Debug|Any CPU
		{104B6AEA-1AEC-462C-873B-34C5E19F690A}.Debug|Any CPU.Build.0 = Debug|Any CPU
		{104B6AEA-1AEC-462C-873B-34C5E19F690A}.Release|Any CPU.ActiveCfg = Release|Any CPU
		{104B6AEA-1AEC-462C-873B-34C5E19F690A}.Release|Any CPU.Build.0 = Release|Any CPU
		{FD65F40F-BE02-42B4-977B-F5505891055B}.Debug|Any CPU.ActiveCfg = Debug|Any CPU
		{FD65F40F-BE02-42B4-977B-F5505891055B}.Debug|Any CPU.Build.0 = Debug|Any CPU
		{FD65F40F-BE02-42B4-977B-F5505891055B}.Release|Any CPU.ActiveCfg = Release|Any CPU
		{FD65F40F-BE02-42B4-977B-F5505891055B}.Release|Any CPU.Build.0 = Release|Any CPU
		{16655C0B-AC49-4496-9511-BFDDF74D72F1}.Debug|Any CPU.ActiveCfg = Debug|Any CPU
		{16655C0B-AC49-4496-9511-BFDDF74D72F1}.Debug|Any CPU.Build.0 = Debug|Any CPU
		{16655C0B-AC49-4496-9511-BFDDF74D72F1}.Release|Any CPU.ActiveCfg = Release|Any CPU
		{16655C0B-AC49-4496-9511-BFDDF74D72F1}.Release|Any CPU.Build.0 = Release|Any CPU
		{8D7093F4-5EA8-410A-B939-8354D7AAF9DD}.Debug|Any CPU.ActiveCfg = Debug|Any CPU
		{8D7093F4-5EA8-410A-B939-8354D7AAF9DD}.Debug|Any CPU.Build.0 = Debug|Any CPU
		{8D7093F4-5EA8-410A-B939-8354D7AAF9DD}.Release|Any CPU.ActiveCfg = Release|Any CPU
		{8D7093F4-5EA8-410A-B939-8354D7AAF9DD}.Release|Any CPU.Build.0 = Release|Any CPU
		{6C0151F4-C60F-4C61-B5D6-5FA39E556422}.Debug|Any CPU.ActiveCfg = Debug|Any CPU
		{6C0151F4-C60F-4C61-B5D6-5FA39E556422}.Debug|Any CPU.Build.0 = Debug|Any CPU
		{6C0151F4-C60F-4C61-B5D6-5FA39E556422}.Release|Any CPU.ActiveCfg = Release|Any CPU
		{6C0151F4-C60F-4C61-B5D6-5FA39E556422}.Release|Any CPU.Build.0 = Release|Any CPU
		{85F87C59-BCDB-4D96-9B2D-F07205CCEB25}.Debug|Any CPU.ActiveCfg = Debug|Any CPU
		{85F87C59-BCDB-4D96-9B2D-F07205CCEB25}.Debug|Any CPU.Build.0 = Debug|Any CPU
		{85F87C59-BCDB-4D96-9B2D-F07205CCEB25}.Release|Any CPU.ActiveCfg = Release|Any CPU
		{85F87C59-BCDB-4D96-9B2D-F07205CCEB25}.Release|Any CPU.Build.0 = Release|Any CPU
		{C8D9911C-B1BA-4B89-9D54-4C5E4FE2D98B}.Debug|Any CPU.ActiveCfg = Debug|Any CPU
		{C8D9911C-B1BA-4B89-9D54-4C5E4FE2D98B}.Debug|Any CPU.Build.0 = Debug|Any CPU
		{C8D9911C-B1BA-4B89-9D54-4C5E4FE2D98B}.Release|Any CPU.ActiveCfg = Release|Any CPU
		{C8D9911C-B1BA-4B89-9D54-4C5E4FE2D98B}.Release|Any CPU.Build.0 = Release|Any CPU
		{FBE511D2-F470-4333-A578-DA1B87EB355B}.Debug|Any CPU.ActiveCfg = Debug|Any CPU
		{FBE511D2-F470-4333-A578-DA1B87EB355B}.Debug|Any CPU.Build.0 = Debug|Any CPU
		{FBE511D2-F470-4333-A578-DA1B87EB355B}.Release|Any CPU.ActiveCfg = Release|Any CPU
		{FBE511D2-F470-4333-A578-DA1B87EB355B}.Release|Any CPU.Build.0 = Release|Any CPU
		{860C5FAC-2B05-4D1C-9A3B-FB4F5419062B}.Debug|Any CPU.ActiveCfg = Debug|Any CPU
		{860C5FAC-2B05-4D1C-9A3B-FB4F5419062B}.Debug|Any CPU.Build.0 = Debug|Any CPU
		{860C5FAC-2B05-4D1C-9A3B-FB4F5419062B}.Release|Any CPU.ActiveCfg = Release|Any CPU
		{860C5FAC-2B05-4D1C-9A3B-FB4F5419062B}.Release|Any CPU.Build.0 = Release|Any CPU
		{3C97CD57-7747-4157-9E91-B31DBBBEBE42}.Debug|Any CPU.ActiveCfg = Debug|Any CPU
		{3C97CD57-7747-4157-9E91-B31DBBBEBE42}.Debug|Any CPU.Build.0 = Debug|Any CPU
		{3C97CD57-7747-4157-9E91-B31DBBBEBE42}.Release|Any CPU.ActiveCfg = Release|Any CPU
		{3C97CD57-7747-4157-9E91-B31DBBBEBE42}.Release|Any CPU.Build.0 = Release|Any CPU
		{4C04F120-1F5F-4BA0-8FF9-F17650996507}.Debug|Any CPU.ActiveCfg = Debug|Any CPU
		{4C04F120-1F5F-4BA0-8FF9-F17650996507}.Debug|Any CPU.Build.0 = Debug|Any CPU
		{4C04F120-1F5F-4BA0-8FF9-F17650996507}.Release|Any CPU.ActiveCfg = Release|Any CPU
		{4C04F120-1F5F-4BA0-8FF9-F17650996507}.Release|Any CPU.Build.0 = Release|Any CPU
	EndGlobalSection
	GlobalSection(NestedProjects) = preSolution
		{323F5BAF-CEEA-4AD6-9C0F-C0D01F0674F0} = {44A2633A-79CB-4CFF-8372-44B33E1341BC}
		{AE183951-B67B-45D8-9838-DF1FB6B5C9E9} = {66B6ED54-31A3-433B-AF33-1042C8F1DF20}
		{104B6AEA-1AEC-462C-873B-34C5E19F690A} = {44A2633A-79CB-4CFF-8372-44B33E1341BC}
		{FD65F40F-BE02-42B4-977B-F5505891055B} = {44A2633A-79CB-4CFF-8372-44B33E1341BC}
		{16655C0B-AC49-4496-9511-BFDDF74D72F1} = {1F67DED3-1649-432F-8847-5E3DAB7A3D5B}
		{8D7093F4-5EA8-410A-B939-8354D7AAF9DD} = {44A2633A-79CB-4CFF-8372-44B33E1341BC}
		{6C0151F4-C60F-4C61-B5D6-5FA39E556422} = {44A2633A-79CB-4CFF-8372-44B33E1341BC}
		{85F87C59-BCDB-4D96-9B2D-F07205CCEB25} = {44A2633A-79CB-4CFF-8372-44B33E1341BC}
		{C8D9911C-B1BA-4B89-9D54-4C5E4FE2D98B} = {44A2633A-79CB-4CFF-8372-44B33E1341BC}
		{FBE511D2-F470-4333-A578-DA1B87EB355B} = {44A2633A-79CB-4CFF-8372-44B33E1341BC}
		{860C5FAC-2B05-4D1C-9A3B-FB4F5419062B} = {66B6ED54-31A3-433B-AF33-1042C8F1DF20}
		{3C97CD57-7747-4157-9E91-B31DBBBEBE42} = {1F67DED3-1649-432F-8847-5E3DAB7A3D5B}
		{4C04F120-1F5F-4BA0-8FF9-F17650996507} = {44A2633A-79CB-4CFF-8372-44B33E1341BC}
	EndGlobalSection
EndGlobal
